// !$*UTF8*$!
{
	archiveVersion = 1;
	classes = {
	};
	objectVersion = 46;
	objects = {

/* Begin PBXBuildFile section */
		0951758F1E325D2C00CF8E9D /* AppDelegate.swift in Sources */ = {isa = PBXBuildFile; fileRef = 0951758E1E325D2C00CF8E9D /* AppDelegate.swift */; };
		095175941E325D2C00CF8E9D /* Main.storyboard in Resources */ = {isa = PBXBuildFile; fileRef = 095175921E325D2C00CF8E9D /* Main.storyboard */; };
		095175961E325D2C00CF8E9D /* Assets.xcassets in Resources */ = {isa = PBXBuildFile; fileRef = 095175951E325D2C00CF8E9D /* Assets.xcassets */; };
		095175991E325D2C00CF8E9D /* LaunchScreen.storyboard in Resources */ = {isa = PBXBuildFile; fileRef = 095175971E325D2C00CF8E9D /* LaunchScreen.storyboard */; };
		095175A71E325F8300CF8E9D /* img6.jpg in Resources */ = {isa = PBXBuildFile; fileRef = 095175A01E325F8300CF8E9D /* img6.jpg */; };
		095175A81E325F8300CF8E9D /* img5.jpg in Resources */ = {isa = PBXBuildFile; fileRef = 095175A11E325F8300CF8E9D /* img5.jpg */; };
		095175A91E325F8300CF8E9D /* img4.jpg in Resources */ = {isa = PBXBuildFile; fileRef = 095175A21E325F8300CF8E9D /* img4.jpg */; };
		095175AA1E325F8300CF8E9D /* img3.jpg in Resources */ = {isa = PBXBuildFile; fileRef = 095175A31E325F8300CF8E9D /* img3.jpg */; };
		095175AB1E325F8300CF8E9D /* img2.jpg in Resources */ = {isa = PBXBuildFile; fileRef = 095175A41E325F8300CF8E9D /* img2.jpg */; };
		095175AC1E325F8300CF8E9D /* img1.jpeg in Resources */ = {isa = PBXBuildFile; fileRef = 095175A51E325F8300CF8E9D /* img1.jpeg */; };
		095175AD1E325F8300CF8E9D /* gmb.jpg in Resources */ = {isa = PBXBuildFile; fileRef = 095175A61E325F8300CF8E9D /* gmb.jpg */; };
		095175B01E32636B00CF8E9D /* IME_VistaTablaTVC.swift in Sources */ = {isa = PBXBuildFile; fileRef = 095175AF1E32636B00CF8E9D /* IME_VistaTablaTVC.swift */; };
		095175B21E32638E00CF8E9D /* IME_CeldaBasicaTVCell.swift in Sources */ = {isa = PBXBuildFile; fileRef = 095175B11E32638E00CF8E9D /* IME_CeldaBasicaTVCell.swift */; };
		095175B61E3263D800CF8E9D /* IME_VentanaDetalleVC.swift in Sources */ = {isa = PBXBuildFile; fileRef = 095175B51E3263D800CF8E9D /* IME_VentanaDetalleVC.swift */; };
		095175BB1E3265EA00CF8E9D /* contactos.plist in Resources */ = {isa = PBXBuildFile; fileRef = 095175BA1E3265EA00CF8E9D /* contactos.plist */; };
		095175C21E32707400CF8E9D /* birthday-cake.png in Resources */ = {isa = PBXBuildFile; fileRef = 095175BC1E32707400CF8E9D /* birthday-cake.png */; };
		095175C31E32707400CF8E9D /* construction.png in Resources */ = {isa = PBXBuildFile; fileRef = 095175BD1E32707400CF8E9D /* construction.png */; };
		095175C41E32707400CF8E9D /* multimedia.png in Resources */ = {isa = PBXBuildFile; fileRef = 095175BE1E32707400CF8E9D /* multimedia.png */; };
		095175C51E32707400CF8E9D /* navigation.png in Resources */ = {isa = PBXBuildFile; fileRef = 095175BF1E32707400CF8E9D /* navigation.png */; };
		095175C61E32707400CF8E9D /* technology.png in Resources */ = {isa = PBXBuildFile; fileRef = 095175C01E32707400CF8E9D /* technology.png */; };
		095175C71E32707400CF8E9D /* twitter-logo-silhouette.png in Resources */ = {isa = PBXBuildFile; fileRef = 095175C11E32707400CF8E9D /* twitter-logo-silhouette.png */; };
		095175CA1E327E0000CF8E9D /* perfil.plist in Resources */ = {isa = PBXBuildFile; fileRef = 095175C91E327E0000CF8E9D /* perfil.plist */; };
		095175CC1E327F9A00CF8E9D /* IME_HomeNavigationController.swift in Sources */ = {isa = PBXBuildFile; fileRef = 095175CB1E327F9A00CF8E9D /* IME_HomeNavigationController.swift */; };
/* End PBXBuildFile section */

/* Begin PBXFileReference section */
		0951758B1E325D2B00CF8E9D /* IME_RetoAppTableView.app */ = {isa = PBXFileReference; explicitFileType = wrapper.application; includeInIndex = 0; path = IME_RetoAppTableView.app; sourceTree = BUILT_PRODUCTS_DIR; };
		0951758E1E325D2C00CF8E9D /* AppDelegate.swift */ = {isa = PBXFileReference; lastKnownFileType = sourcecode.swift; path = AppDelegate.swift; sourceTree = "<group>"; };
		095175931E325D2C00CF8E9D /* Base */ = {isa = PBXFileReference; lastKnownFileType = file.storyboard; name = Base; path = Base.lproj/Main.storyboard; sourceTree = "<group>"; };
		095175951E325D2C00CF8E9D /* Assets.xcassets */ = {isa = PBXFileReference; lastKnownFileType = folder.assetcatalog; path = Assets.xcassets; sourceTree = "<group>"; };
		095175981E325D2C00CF8E9D /* Base */ = {isa = PBXFileReference; lastKnownFileType = file.storyboard; name = Base; path = Base.lproj/LaunchScreen.storyboard; sourceTree = "<group>"; };
		0951759A1E325D2C00CF8E9D /* Info.plist */ = {isa = PBXFileReference; lastKnownFileType = text.plist.xml; path = Info.plist; sourceTree = "<group>"; };
		095175A01E325F8300CF8E9D /* img6.jpg */ = {isa = PBXFileReference; lastKnownFileType = image.jpeg; path = img6.jpg; sourceTree = "<group>"; };
		095175A11E325F8300CF8E9D /* img5.jpg */ = {isa = PBXFileReference; lastKnownFileType = image.jpeg; path = img5.jpg; sourceTree = "<group>"; };
		095175A21E325F8300CF8E9D /* img4.jpg */ = {isa = PBXFileReference; lastKnownFileType = image.jpeg; path = img4.jpg; sourceTree = "<group>"; };
		095175A31E325F8300CF8E9D /* img3.jpg */ = {isa = PBXFileReference; lastKnownFileType = image.jpeg; path = img3.jpg; sourceTree = "<group>"; };
		095175A41E325F8300CF8E9D /* img2.jpg */ = {isa = PBXFileReference; lastKnownFileType = image.jpeg; path = img2.jpg; sourceTree = "<group>"; };
		095175A51E325F8300CF8E9D /* img1.jpeg */ = {isa = PBXFileReference; lastKnownFileType = image.jpeg; path = img1.jpeg; sourceTree = "<group>"; };
		095175A61E325F8300CF8E9D /* gmb.jpg */ = {isa = PBXFileReference; lastKnownFileType = image.jpeg; path = gmb.jpg; sourceTree = "<group>"; };
		095175AF1E32636B00CF8E9D /* IME_VistaTablaTVC.swift */ = {isa = PBXFileReference; fileEncoding = 4; lastKnownFileType = sourcecode.swift; path = IME_VistaTablaTVC.swift; sourceTree = "<group>"; };
		095175B11E32638E00CF8E9D /* IME_CeldaBasicaTVCell.swift */ = {isa = PBXFileReference; fileEncoding = 4; lastKnownFileType = sourcecode.swift; path = IME_CeldaBasicaTVCell.swift; sourceTree = "<group>"; };
		095175B51E3263D800CF8E9D /* IME_VentanaDetalleVC.swift */ = {isa = PBXFileReference; fileEncoding = 4; lastKnownFileType = sourcecode.swift; path = IME_VentanaDetalleVC.swift; sourceTree = "<group>"; };
		095175BA1E3265EA00CF8E9D /* contactos.plist */ = {isa = PBXFileReference; fileEncoding = 4; lastKnownFileType = text.plist.xml; path = contactos.plist; sourceTree = "<group>"; };
		095175BC1E32707400CF8E9D /* birthday-cake.png */ = {isa = PBXFileReference; lastKnownFileType = image.png; path = "birthday-cake.png"; sourceTree = "<group>"; };
		095175BD1E32707400CF8E9D /* construction.png */ = {isa = PBXFileReference; lastKnownFileType = image.png; path = construction.png; sourceTree = "<group>"; };
		095175BE1E32707400CF8E9D /* multimedia.png */ = {isa = PBXFileReference; lastKnownFileType = image.png; path = multimedia.png; sourceTree = "<group>"; };
		095175BF1E32707400CF8E9D /* navigation.png */ = {isa = PBXFileReference; lastKnownFileType = image.png; path = navigation.png; sourceTree = "<group>"; };
		095175C01E32707400CF8E9D /* technology.png */ = {isa = PBXFileReference; lastKnownFileType = image.png; path = technology.png; sourceTree = "<group>"; };
		095175C11E32707400CF8E9D /* twitter-logo-silhouette.png */ = {isa = PBXFileReference; lastKnownFileType = image.png; path = "twitter-logo-silhouette.png"; sourceTree = "<group>"; };
		095175C91E327E0000CF8E9D /* perfil.plist */ = {isa = PBXFileReference; fileEncoding = 4; lastKnownFileType = text.plist.xml; path = perfil.plist; sourceTree = "<group>"; };
		095175CB1E327F9A00CF8E9D /* IME_HomeNavigationController.swift */ = {isa = PBXFileReference; fileEncoding = 4; lastKnownFileType = sourcecode.swift; path = IME_HomeNavigationController.swift; sourceTree = "<group>"; };
/* End PBXFileReference section */

/* Begin PBXFrameworksBuildPhase section */
		095175881E325D2900CF8E9D /* Frameworks */ = {
			isa = PBXFrameworksBuildPhase;
			buildActionMask = 2147483647;
			files = (
			);
			runOnlyForDeploymentPostprocessing = 0;
		};
/* End PBXFrameworksBuildPhase section */

/* Begin PBXGroup section */
		095175821E325D2900CF8E9D = {
			isa = PBXGroup;
			children = (
				0951758D1E325D2B00CF8E9D /* IME_RetoAppTableView */,
				0951758C1E325D2B00CF8E9D /* Products */,
			);
			sourceTree = "<group>";
		};
		0951758C1E325D2B00CF8E9D /* Products */ = {
			isa = PBXGroup;
			children = (
				0951758B1E325D2B00CF8E9D /* IME_RetoAppTableView.app */,
			);
			name = Products;
			sourceTree = "<group>";
		};
		0951758D1E325D2B00CF8E9D /* IME_RetoAppTableView */ = {
			isa = PBXGroup;
			children = (
				0951758E1E325D2C00CF8E9D /* AppDelegate.swift */,
				095175B41E3263A900CF8E9D /* VIEWS_CELL */,
				095175B31E32639800CF8E9D /* VIEWS_CONTROLLER */,
				095175AE1E325F8900CF8E9D /* IMAGES */,
				095175C81E32708500CF8E9D /* ICONS */,
				095175921E325D2C00CF8E9D /* Main.storyboard */,
				095175951E325D2C00CF8E9D /* Assets.xcassets */,
				095175971E325D2C00CF8E9D /* LaunchScreen.storyboard */,
				0951759A1E325D2C00CF8E9D /* Info.plist */,
				095175BA1E3265EA00CF8E9D /* contactos.plist */,
				095175C91E327E0000CF8E9D /* perfil.plist */,
			);
			path = IME_RetoAppTableView;
			sourceTree = "<group>";
		};
		095175AE1E325F8900CF8E9D /* IMAGES */ = {
			isa = PBXGroup;
			children = (
				095175A01E325F8300CF8E9D /* img6.jpg */,
				095175A11E325F8300CF8E9D /* img5.jpg */,
				095175A21E325F8300CF8E9D /* img4.jpg */,
				095175A31E325F8300CF8E9D /* img3.jpg */,
				095175A41E325F8300CF8E9D /* img2.jpg */,
				095175A51E325F8300CF8E9D /* img1.jpeg */,
				095175A61E325F8300CF8E9D /* gmb.jpg */,
			);
			name = IMAGES;
			sourceTree = "<group>";
		};
		095175B31E32639800CF8E9D /* VIEWS_CONTROLLER */ = {
			isa = PBXGroup;
			children = (
				095175CB1E327F9A00CF8E9D /* IME_HomeNavigationController.swift */,
				095175AF1E32636B00CF8E9D /* IME_VistaTablaTVC.swift */,
				095175B51E3263D800CF8E9D /* IME_VentanaDetalleVC.swift */,
			);
			name = VIEWS_CONTROLLER;
			sourceTree = "<group>";
		};
		095175B41E3263A900CF8E9D /* VIEWS_CELL */ = {
			isa = PBXGroup;
			children = (
				095175B11E32638E00CF8E9D /* IME_CeldaBasicaTVCell.swift */,
			);
			name = VIEWS_CELL;
			sourceTree = "<group>";
		};
		095175C81E32708500CF8E9D /* ICONS */ = {
			isa = PBXGroup;
			children = (
				095175BC1E32707400CF8E9D /* birthday-cake.png */,
				095175BD1E32707400CF8E9D /* construction.png */,
				095175BE1E32707400CF8E9D /* multimedia.png */,
				095175BF1E32707400CF8E9D /* navigation.png */,
				095175C01E32707400CF8E9D /* technology.png */,
				095175C11E32707400CF8E9D /* twitter-logo-silhouette.png */,
			);
			name = ICONS;
			sourceTree = "<group>";
		};
/* End PBXGroup section */

/* Begin PBXNativeTarget section */
		0951758A1E325D2900CF8E9D /* IME_RetoAppTableView */ = {
			isa = PBXNativeTarget;
			buildConfigurationList = 0951759D1E325D2C00CF8E9D /* Build configuration list for PBXNativeTarget "IME_RetoAppTableView" */;
			buildPhases = (
				095175871E325D2900CF8E9D /* Sources */,
				095175881E325D2900CF8E9D /* Frameworks */,
				095175891E325D2900CF8E9D /* Resources */,
			);
			buildRules = (
			);
			dependencies = (
			);
			name = IME_RetoAppTableView;
			productName = IME_RetoAppTableView;
			productReference = 0951758B1E325D2B00CF8E9D /* IME_RetoAppTableView.app */;
			productType = "com.apple.product-type.application";
		};
/* End PBXNativeTarget section */

/* Begin PBXProject section */
		095175831E325D2900CF8E9D /* Project object */ = {
			isa = PBXProject;
			attributes = {
				LastSwiftUpdateCheck = 0800;
				LastUpgradeCheck = 0800;
				ORGANIZATIONNAME = cice;
				TargetAttributes = {
					0951758A1E325D2900CF8E9D = {
						CreatedOnToolsVersion = 8.0;
						ProvisioningStyle = Automatic;
					};
				};
			};
			buildConfigurationList = 095175861E325D2900CF8E9D /* Build configuration list for PBXProject "IME_RetoAppTableView" */;
			compatibilityVersion = "Xcode 3.2";
			developmentRegion = English;
			hasScannedForEncodings = 0;
			knownRegions = (
				en,
				Base,
			);
			mainGroup = 095175821E325D2900CF8E9D;
			productRefGroup = 0951758C1E325D2B00CF8E9D /* Products */;
			projectDirPath = "";
			projectRoot = "";
			targets = (
				0951758A1E325D2900CF8E9D /* IME_RetoAppTableView */,
			);
		};
/* End PBXProject section */

/* Begin PBXResourcesBuildPhase section */
		095175891E325D2900CF8E9D /* Resources */ = {
			isa = PBXResourcesBuildPhase;
			buildActionMask = 2147483647;
			files = (
				095175C41E32707400CF8E9D /* multimedia.png in Resources */,
				095175C21E32707400CF8E9D /* birthday-cake.png in Resources */,
				095175991E325D2C00CF8E9D /* LaunchScreen.storyboard in Resources */,
				095175A81E325F8300CF8E9D /* img5.jpg in Resources */,
				095175C71E32707400CF8E9D /* twitter-logo-silhouette.png in Resources */,
				095175961E325D2C00CF8E9D /* Assets.xcassets in Resources */,
				095175CA1E327E0000CF8E9D /* perfil.plist in Resources */,
				095175AA1E325F8300CF8E9D /* img3.jpg in Resources */,
				095175BB1E3265EA00CF8E9D /* contactos.plist in Resources */,
				095175A71E325F8300CF8E9D /* img6.jpg in Resources */,
				095175A91E325F8300CF8E9D /* img4.jpg in Resources */,
				095175AB1E325F8300CF8E9D /* img2.jpg in Resources */,
				095175941E325D2C00CF8E9D /* Main.storyboard in Resources */,
				095175AD1E325F8300CF8E9D /* gmb.jpg in Resources */,
				095175C31E32707400CF8E9D /* construction.png in Resources */,
				095175C61E32707400CF8E9D /* technology.png in Resources */,
				095175C51E32707400CF8E9D /* navigation.png in Resources */,
				095175AC1E325F8300CF8E9D /* img1.jpeg in Resources */,
			);
			runOnlyForDeploymentPostprocessing = 0;
		};
/* End PBXResourcesBuildPhase section */

/* Begin PBXSourcesBuildPhase section */
		095175871E325D2900CF8E9D /* Sources */ = {
			isa = PBXSourcesBuildPhase;
			buildActionMask = 2147483647;
			files = (
				095175B61E3263D800CF8E9D /* IME_VentanaDetalleVC.swift in Sources */,
				095175B01E32636B00CF8E9D /* IME_VistaTablaTVC.swift in Sources */,
				095175B21E32638E00CF8E9D /* IME_CeldaBasicaTVCell.swift in Sources */,
				095175CC1E327F9A00CF8E9D /* IME_HomeNavigationController.swift in Sources */,
				0951758F1E325D2C00CF8E9D /* AppDelegate.swift in Sources */,
			);
			runOnlyForDeploymentPostprocessing = 0;
		};
/* End PBXSourcesBuildPhase section */

/* Begin PBXVariantGroup section */
		095175921E325D2C00CF8E9D /* Main.storyboard */ = {
			isa = PBXVariantGroup;
			children = (
				095175931E325D2C00CF8E9D /* Base */,
			);
			name = Main.storyboard;
			sourceTree = "<group>";
		};
		095175971E325D2C00CF8E9D /* LaunchScreen.storyboard */ = {
			isa = PBXVariantGroup;
			children = (
				095175981E325D2C00CF8E9D /* Base */,
			);
			name = LaunchScreen.storyboard;
			sourceTree = "<group>";
		};
/* End PBXVariantGroup section */

/* Begin XCBuildConfiguration section */
		0951759B1E325D2C00CF8E9D /* Debug */ = {
			isa = XCBuildConfiguration;
			buildSettings = {
				ALWAYS_SEARCH_USER_PATHS = NO;
				CLANG_ANALYZER_NONNULL = YES;
				CLANG_CXX_LANGUAGE_STANDARD = "gnu++0x";
				CLANG_CXX_LIBRARY = "libc++";
				CLANG_ENABLE_MODULES = YES;
				CLANG_ENABLE_OBJC_ARC = YES;
				CLANG_WARN_BOOL_CONVERSION = YES;
				CLANG_WARN_CONSTANT_CONVERSION = YES;
				CLANG_WARN_DIRECT_OBJC_ISA_USAGE = YES_ERROR;
				CLANG_WARN_DOCUMENTATION_COMMENTS = YES;
				CLANG_WARN_EMPTY_BODY = YES;
				CLANG_WARN_ENUM_CONVERSION = YES;
				CLANG_WARN_INFINITE_RECURSION = YES;
				CLANG_WARN_INT_CONVERSION = YES;
				CLANG_WARN_OBJC_ROOT_CLASS = YES_ERROR;
				CLANG_WARN_SUSPICIOUS_MOVES = YES;
				CLANG_WARN_UNREACHABLE_CODE = YES;
				CLANG_WARN__DUPLICATE_METHOD_MATCH = YES;
				"CODE_SIGN_IDENTITY[sdk=iphoneos*]" = "iPhone Developer";
				COPY_PHASE_STRIP = NO;
				DEBUG_INFORMATION_FORMAT = dwarf;
				ENABLE_STRICT_OBJC_MSGSEND = YES;
				ENABLE_TESTABILITY = YES;
				GCC_C_LANGUAGE_STANDARD = gnu99;
				GCC_DYNAMIC_NO_PIC = NO;
				GCC_NO_COMMON_BLOCKS = YES;
				GCC_OPTIMIZATION_LEVEL = 0;
				GCC_PREPROCESSOR_DEFINITIONS = (
					"DEBUG=1",
					"$(inherited)",
				);
				GCC_WARN_64_TO_32_BIT_CONVERSION = YES;
				GCC_WARN_ABOUT_RETURN_TYPE = YES_ERROR;
				GCC_WARN_UNDECLARED_SELECTOR = YES;
				GCC_WARN_UNINITIALIZED_AUTOS = YES_AGGRESSIVE;
				GCC_WARN_UNUSED_FUNCTION = YES;
				GCC_WARN_UNUSED_VARIABLE = YES;
				IPHONEOS_DEPLOYMENT_TARGET = 10.0;
				MTL_ENABLE_DEBUG_INFO = YES;
				ONLY_ACTIVE_ARCH = YES;
				SDKROOT = iphoneos;
				SWIFT_ACTIVE_COMPILATION_CONDITIONS = DEBUG;
				SWIFT_OPTIMIZATION_LEVEL = "-Onone";
				TARGETED_DEVICE_FAMILY = "1,2";
			};
			name = Debug;
		};
		0951759C1E325D2C00CF8E9D /* Release */ = {
			isa = XCBuildConfiguration;
			buildSettings = {
				ALWAYS_SEARCH_USER_PATHS = NO;
				CLANG_ANALYZER_NONNULL = YES;
				CLANG_CXX_LANGUAGE_STANDARD = "gnu++0x";
				CLANG_CXX_LIBRARY = "libc++";
				CLANG_ENABLE_MODULES = YES;
				CLANG_ENABLE_OBJC_ARC = YES;
				CLANG_WARN_BOOL_CONVERSION = YES;
				CLANG_WARN_CONSTANT_CONVERSION = YES;
				CLANG_WARN_DIRECT_OBJC_ISA_USAGE = YES_ERROR;
				CLANG_WARN_DOCUMENTATION_COMMENTS = YES;
				CLANG_WARN_EMPTY_BODY = YES;
				CLANG_WARN_ENUM_CONVERSION = YES;
				CLANG_WARN_INFINITE_RECURSION = YES;
				CLANG_WARN_INT_CONVERSION = YES;
				CLANG_WARN_OBJC_ROOT_CLASS = YES_ERROR;
				CLANG_WARN_SUSPICIOUS_MOVES = YES;
				CLANG_WARN_UNREACHABLE_CODE = YES;
				CLANG_WARN__DUPLICATE_METHOD_MATCH = YES;
				"CODE_SIGN_IDENTITY[sdk=iphoneos*]" = "iPhone Developer";
				COPY_PHASE_STRIP = NO;
				DEBUG_INFORMATION_FORMAT = "dwarf-with-dsym";
				ENABLE_NS_ASSERTIONS = NO;
				ENABLE_STRICT_OBJC_MSGSEND = YES;
				GCC_C_LANGUAGE_STANDARD = gnu99;
				GCC_NO_COMMON_BLOCKS = YES;
				GCC_WARN_64_TO_32_BIT_CONVERSION = YES;
				GCC_WARN_ABOUT_RETURN_TYPE = YES_ERROR;
				GCC_WARN_UNDECLARED_SELECTOR = YES;
				GCC_WARN_UNINITIALIZED_AUTOS = YES_AGGRESSIVE;
				GCC_WARN_UNUSED_FUNCTION = YES;
				GCC_WARN_UNUSED_VARIABLE = YES;
				IPHONEOS_DEPLOYMENT_TARGET = 10.0;
				MTL_ENABLE_DEBUG_INFO = NO;
				SDKROOT = iphoneos;
				SWIFT_OPTIMIZATION_LEVEL = "-Owholemodule";
				TARGETED_DEVICE_FAMILY = "1,2";
				VALIDATE_PRODUCT = YES;
			};
			name = Release;
		};
		0951759E1E325D2C00CF8E9D /* Debug */ = {
			isa = XCBuildConfiguration;
			buildSettings = {
				ASSETCATALOG_COMPILER_APPICON_NAME = AppIcon;
				INFOPLIST_FILE = IME_RetoAppTableView/Info.plist;
				LD_RUNPATH_SEARCH_PATHS = "$(inherited) @executable_path/Frameworks";
				PRODUCT_BUNDLE_IDENTIFIER = "com.gmbdesign.ios.IME-RetoAppTableView";
				PRODUCT_NAME = "$(TARGET_NAME)";
				SWIFT_VERSION = 3.0;
				TARGETED_DEVICE_FAMILY = 1;
			};
			name = Debug;
		};
		0951759F1E325D2C00CF8E9D /* Release */ = {
			isa = XCBuildConfiguration;
			buildSettings = {
				ASSETCATALOG_COMPILER_APPICON_NAME = AppIcon;
				INFOPLIST_FILE = IME_RetoAppTableView/Info.plist;
				LD_RUNPATH_SEARCH_PATHS = "$(inherited) @executable_path/Frameworks";
				PRODUCT_BUNDLE_IDENTIFIER = "com.gmbdesign.ios.IME-RetoAppTableView";
				PRODUCT_NAME = "$(TARGET_NAME)";
				SWIFT_VERSION = 3.0;
				TARGETED_DEVICE_FAMILY = 1;
			};
			name = Release;
		};
/* End XCBuildConfiguration section */

/* Begin XCConfigurationList section */
		095175861E325D2900CF8E9D /* Build configuration list for PBXProject "IME_RetoAppTableView" */ = {
			isa = XCConfigurationList;
			buildConfigurations = (
				0951759B1E325D2C00CF8E9D /* Debug */,
				0951759C1E325D2C00CF8E9D /* Release */,
			);
			defaultConfigurationIsVisible = 0;
			defaultConfigurationName = Release;
		};
		0951759D1E325D2C00CF8E9D /* Build configuration list for PBXNativeTarget "IME_RetoAppTableView" */ = {
			isa = XCConfigurationList;
			buildConfigurations = (
				0951759E1E325D2C00CF8E9D /* Debug */,
				0951759F1E325D2C00CF8E9D /* Release */,
			);
			defaultConfigurationIsVisible = 0;
		};
/* End XCConfigurationList section */
	};
	rootObject = 095175831E325D2900CF8E9D /* Project object */;
}
